{
  "version": 4,
  "terraform_version": "1.13.5",
  "serial": 18,
  "lineage": "d2808af2-cc73-8bea-c7d6-2f3a786390f9",
  "outputs": {
    "ssh_connection_string": {
      "value": "ssh azureuser@4.246.173.168",
      "type": "string"
    },
    "vm_id": {
      "value": "/subscriptions/b7569544-483c-4eb2-a877-11fc118c9bfc/resourceGroups/olake-rg/providers/Microsoft.Compute/virtualMachines/olake-vm",
      "type": "string"
    },
    "vm_public_ip": {
      "value": "4.246.173.168",
      "type": "string"
    }
  },
  "resources": [
    {
      "mode": "managed",
      "type": "azurerm_linux_virtual_machine",
      "name": "vm",
      "provider": "provider[\"registry.terraform.io/hashicorp/azurerm\"]",
      "instances": [
        {
          "schema_version": 0,
          "attributes": {
            "additional_capabilities": [],
            "admin_password": null,
            "admin_ssh_key": [
              {
                "public_key": "ssh-ed25519 AAAAC3NzaC1lZDI1NTE5AAAAIPWIUtcNvHOwg4NU7ZwnSpq8DsbyEHbSgfm+qITkytMA yashsuryawanshi7799@gmail.com\n",
                "username": "azureuser"
              }
            ],
            "admin_username": "azureuser",
            "allow_extension_operations": true,
            "availability_set_id": "",
            "boot_diagnostics": [],
            "bypass_platform_safety_checks_on_user_schedule_enabled": false,
            "capacity_reservation_group_id": "",
            "computer_name": "olake-vm",
            "custom_data": "I2Nsb3VkLWNvbmZpZwpwYWNrYWdlX3VwZGF0ZTogdHJ1ZQpwYWNrYWdlX3VwZ3JhZGU6IHRydWUKcnVuY21kOgogIC0gYXB0LWdldCB1cGRhdGUgLXkKICAtIGFwdC1nZXQgaW5zdGFsbCAteSBhcHQtdHJhbnNwb3J0LWh0dHBzIGNhLWNlcnRpZmljYXRlcyBjdXJsIHNvZnR3YXJlLXByb3BlcnRpZXMtY29tbW9uIGNvbm50cmFjawogIC0gY3VybCAtZnNTTCBodHRwczovL2dldC5kb2NrZXIuY29tIC1vIGdldC1kb2NrZXIuc2gKICAtIHNoIGdldC1kb2NrZXIuc2gKICAtIHVzZXJtb2QgLWFHIGRvY2tlciBhenVyZXVzZXIKICAtIGN1cmwgLUxPICJodHRwczovL3N0b3JhZ2UuZ29vZ2xlYXBpcy5jb20va3ViZXJuZXRlcy1yZWxlYXNlL3JlbGVhc2UvJChjdXJsIC1zIGh0dHBzOi8vc3RvcmFnZS5nb29nbGVhcGlzLmNvbS9rdWJlcm5ldGVzLXJlbGVhc2UvcmVsZWFzZS9zdGFibGUudHh0KS9iaW4vbGludXgvYW1kNjQva3ViZWN0bCIKICAtIGNobW9kICt4IGt1YmVjdGwgJiYgbXYga3ViZWN0bCAvdXNyL2xvY2FsL2Jpbi8KICAtIGN1cmwgLUxPIGh0dHBzOi8vc3RvcmFnZS5nb29nbGVhcGlzLmNvbS9taW5pa3ViZS9yZWxlYXNlcy9sYXRlc3QvbWluaWt1YmUtbGludXgtYW1kNjQKICAtIGluc3RhbGwgbWluaWt1YmUtbGludXgtYW1kNjQgL3Vzci9sb2NhbC9iaW4vbWluaWt1YmUKICAtIHN1IC0gYXp1cmV1c2VyIC1jICJtaW5pa3ViZSBzdGFydCAtLWRyaXZlcj1kb2NrZXIgLS1jcHVzPTMgLS1tZW1vcnk9NjE0NCIKICAtIHN1IC0gYXp1cmV1c2VyIC1jICJtaW5pa3ViZSBhZGRvbnMgZW5hYmxlIGluZ3Jlc3MiCiAgLSBzdSAtIGF6dXJldXNlciAtYyAibWluaWt1YmUgYWRkb25zIGVuYWJsZSBzdG9yYWdlLXByb3Zpc2lvbmVyIgogIC0gY3VybCBodHRwczovL3Jhdy5naXRodWJ1c2VyY29udGVudC5jb20vaGVsbS9oZWxtL21haW4vc2NyaXB0cy9nZXQtaGVsbS0zIHwgYmFzaAogIC0gc3UgLSBhenVyZXVzZXIgLWMgImhlbG0gcmVwbyBhZGQgb2xha2UgaHR0cHM6Ly9kYXRhemlwLWluYy5naXRodWIuaW8vb2xha2UtaGVsbSIKICAtIHN1IC0gYXp1cmV1c2VyIC1jICJoZWxtIHJlcG8gdXBkYXRlIgogIC0gc3UgLSBhenVyZXVzZXIgLWMgImhlbG0gdXBncmFkZSAtLWluc3RhbGwgb2xha2Ugb2xha2Uvb2xha2UgLS1uYW1lc3BhY2Ugb2xha2UgLS1jcmVhdGUtbmFtZXNwYWNlIC0tc2V0IGluZ3Jlc3MuZW5hYmxlZD10cnVlIC0tc2V0IHNlcnZpY2UucG9ydD04MDAwIgo=",
            "dedicated_host_group_id": "",
            "dedicated_host_id": "",
            "disable_password_authentication": true,
            "disk_controller_type": "SCSI",
            "edge_zone": "",
            "encryption_at_host_enabled": false,
            "eviction_policy": "",
            "extensions_time_budget": "PT1H30M",
            "gallery_application": [],
            "id": "/subscriptions/b7569544-483c-4eb2-a877-11fc118c9bfc/resourceGroups/olake-rg/providers/Microsoft.Compute/virtualMachines/olake-vm",
            "identity": [],
            "license_type": "",
            "location": "eastus",
            "max_bid_price": -1,
            "name": "olake-vm",
            "network_interface_ids": [
              "/subscriptions/b7569544-483c-4eb2-a877-11fc118c9bfc/resourceGroups/olake-rg/providers/Microsoft.Network/networkInterfaces/olake-vm-nic"
            ],
            "os_disk": [
              {
                "caching": "ReadWrite",
                "diff_disk_settings": [],
                "disk_encryption_set_id": "",
                "disk_size_gb": 50,
                "id": "/subscriptions/b7569544-483c-4eb2-a877-11fc118c9bfc/resourceGroups/olake-rg/providers/Microsoft.Compute/disks/olake-vm_OsDisk_1_64897b0f670f481facc6e23c6dfd61a9",
                "name": "olake-vm_OsDisk_1_64897b0f670f481facc6e23c6dfd61a9",
                "secure_vm_disk_encryption_set_id": "",
                "security_encryption_type": "",
                "storage_account_type": "Standard_LRS",
                "write_accelerator_enabled": false
              }
            ],
            "os_image_notification": [],
            "os_managed_disk_id": "/subscriptions/b7569544-483c-4eb2-a877-11fc118c9bfc/resourceGroups/olake-rg/providers/Microsoft.Compute/disks/olake-vm_OsDisk_1_64897b0f670f481facc6e23c6dfd61a9",
            "patch_assessment_mode": "ImageDefault",
            "patch_mode": "ImageDefault",
            "plan": [],
            "platform_fault_domain": -1,
            "priority": "Regular",
            "private_ip_address": "10.0.1.4",
            "private_ip_addresses": [
              "10.0.1.4"
            ],
            "provision_vm_agent": true,
            "proximity_placement_group_id": "",
            "public_ip_address": "4.246.173.168",
            "public_ip_addresses": [
              "4.246.173.168"
            ],
            "reboot_setting": "",
            "resource_group_name": "olake-rg",
            "secret": [],
            "secure_boot_enabled": false,
            "size": "Standard_D4s_v3",
            "source_image_id": "",
            "source_image_reference": [
              {
                "offer": "0001-com-ubuntu-server-jammy",
                "publisher": "Canonical",
                "sku": "22_04-lts-gen2",
                "version": "latest"
              }
            ],
            "tags": {
              "project": "olake-assignment",
              "role": "olake-minikube"
            },
            "termination_notification": [],
            "timeouts": null,
            "user_data": "",
            "virtual_machine_id": "7a68bb69-850c-4334-96d8-072be39311ec",
            "virtual_machine_scale_set_id": "",
            "vm_agent_platform_updates_enabled": false,
            "vtpm_enabled": false,
            "zone": ""
          },
          "sensitive_attributes": [
            [
              {
                "type": "get_attr",
                "value": "admin_password"
              }
            ],
            [
              {
                "type": "get_attr",
                "value": "custom_data"
              }
            ]
          ],
          "identity_schema_version": 0,
          "private": "eyJlMmJmYjczMC1lY2FhLTExZTYtOGY4OC0zNDM2M2JjN2M0YzAiOnsiY3JlYXRlIjoyNzAwMDAwMDAwMDAwLCJkZWxldGUiOjI3MDAwMDAwMDAwMDAsInJlYWQiOjMwMDAwMDAwMDAwMCwidXBkYXRlIjoyNzAwMDAwMDAwMDAwfX0=",
          "dependencies": [
            "azurerm_network_interface.nic",
            "azurerm_public_ip.pip",
            "azurerm_resource_group.rg",
            "azurerm_subnet.subnet",
            "azurerm_virtual_network.vnet"
          ]
        }
      ]
    },
    {
      "mode": "managed",
      "type": "azurerm_network_interface",
      "name": "nic",
      "provider": "provider[\"registry.terraform.io/hashicorp/azurerm\"]",
      "instances": [
        {
          "schema_version": 0,
          "attributes": {
            "accelerated_networking_enabled": false,
            "applied_dns_servers": [],
            "auxiliary_mode": "",
            "auxiliary_sku": "",
            "dns_servers": [],
            "edge_zone": "",
            "id": "/subscriptions/b7569544-483c-4eb2-a877-11fc118c9bfc/resourceGroups/olake-rg/providers/Microsoft.Network/networkInterfaces/olake-vm-nic",
            "internal_dns_name_label": "",
            "internal_domain_name_suffix": "",
            "ip_configuration": [
              {
                "gateway_load_balancer_frontend_ip_configuration_id": "",
                "name": "internal",
                "primary": true,
                "private_ip_address": "10.0.1.4",
                "private_ip_address_allocation": "Dynamic",
                "private_ip_address_version": "IPv4",
                "public_ip_address_id": "/subscriptions/b7569544-483c-4eb2-a877-11fc118c9bfc/resourceGroups/olake-rg/providers/Microsoft.Network/publicIPAddresses/olake-vm-pip",
                "subnet_id": "/subscriptions/b7569544-483c-4eb2-a877-11fc118c9bfc/resourceGroups/olake-rg/providers/Microsoft.Network/virtualNetworks/olake-rg-vnet/subnets/olake-rg-subnet"
              }
            ],
            "ip_forwarding_enabled": false,
            "location": "eastus",
            "mac_address": "7C-ED-8D-CD-B0-96",
            "name": "olake-vm-nic",
            "private_ip_address": "10.0.1.4",
            "private_ip_addresses": [
              "10.0.1.4"
            ],
            "resource_group_name": "olake-rg",
            "tags": {},
            "timeouts": null,
            "virtual_machine_id": "/subscriptions/b7569544-483c-4eb2-a877-11fc118c9bfc/resourceGroups/olake-rg/providers/Microsoft.Compute/virtualMachines/olake-vm"
          },
          "sensitive_attributes": [],
          "identity_schema_version": 0,
          "identity": {
            "name": "olake-vm-nic",
            "resource_group_name": "olake-rg",
            "subscription_id": "b7569544-483c-4eb2-a877-11fc118c9bfc"
          },
          "private": "eyJlMmJmYjczMC1lY2FhLTExZTYtOGY4OC0zNDM2M2JjN2M0YzAiOnsiY3JlYXRlIjoxODAwMDAwMDAwMDAwLCJkZWxldGUiOjE4MDAwMDAwMDAwMDAsInJlYWQiOjMwMDAwMDAwMDAwMCwidXBkYXRlIjoxODAwMDAwMDAwMDAwfX0=",
          "dependencies": [
            "azurerm_public_ip.pip",
            "azurerm_resource_group.rg",
            "azurerm_subnet.subnet",
            "azurerm_virtual_network.vnet"
          ]
        }
      ]
    },
    {
      "mode": "managed",
      "type": "azurerm_network_security_group",
      "name": "nsg",
      "provider": "provider[\"registry.terraform.io/hashicorp/azurerm\"]",
      "instances": [
        {
          "schema_version": 0,
          "attributes": {
            "id": "/subscriptions/b7569544-483c-4eb2-a877-11fc118c9bfc/resourceGroups/olake-rg/providers/Microsoft.Network/networkSecurityGroups/olake-vm-nsg",
            "location": "eastus",
            "name": "olake-vm-nsg",
            "resource_group_name": "olake-rg",
            "security_rule": [
              {
                "access": "Allow",
                "description": "",
                "destination_address_prefix": "*",
                "destination_address_prefixes": [],
                "destination_application_security_group_ids": [],
                "destination_port_range": "22",
                "destination_port_ranges": [],
                "direction": "Inbound",
                "name": "SSH",
                "priority": 1001,
                "protocol": "Tcp",
                "source_address_prefix": "*",
                "source_address_prefixes": [],
                "source_application_security_group_ids": [],
                "source_port_range": "*",
                "source_port_ranges": []
              },
              {
                "access": "Allow",
                "description": "",
                "destination_address_prefix": "*",
                "destination_address_prefixes": [],
                "destination_application_security_group_ids": [],
                "destination_port_range": "8000",
                "destination_port_ranges": [],
                "direction": "Inbound",
                "name": "OLAKE-UI",
                "priority": 1002,
                "protocol": "Tcp",
                "source_address_prefix": "*",
                "source_address_prefixes": [],
                "source_application_security_group_ids": [],
                "source_port_range": "*",
                "source_port_ranges": []
              }
            ],
            "tags": {},
            "timeouts": null
          },
          "sensitive_attributes": [],
          "identity_schema_version": 0,
          "identity": {
            "name": "olake-vm-nsg",
            "resource_group_name": "olake-rg",
            "subscription_id": "b7569544-483c-4eb2-a877-11fc118c9bfc"
          },
          "private": "eyJlMmJmYjczMC1lY2FhLTExZTYtOGY4OC0zNDM2M2JjN2M0YzAiOnsiY3JlYXRlIjoxODAwMDAwMDAwMDAwLCJkZWxldGUiOjE4MDAwMDAwMDAwMDAsInJlYWQiOjMwMDAwMDAwMDAwMCwidXBkYXRlIjoxODAwMDAwMDAwMDAwfX0=",
          "dependencies": [
            "azurerm_resource_group.rg"
          ]
        }
      ]
    },
    {
      "mode": "managed",
      "type": "azurerm_public_ip",
      "name": "pip",
      "provider": "provider[\"registry.terraform.io/hashicorp/azurerm\"]",
      "instances": [
        {
          "schema_version": 0,
          "attributes": {
            "allocation_method": "Static",
            "ddos_protection_mode": "VirtualNetworkInherited",
            "ddos_protection_plan_id": null,
            "domain_name_label": null,
            "domain_name_label_scope": null,
            "edge_zone": "",
            "fqdn": null,
            "id": "/subscriptions/b7569544-483c-4eb2-a877-11fc118c9bfc/resourceGroups/olake-rg/providers/Microsoft.Network/publicIPAddresses/olake-vm-pip",
            "idle_timeout_in_minutes": 4,
            "ip_address": "4.246.173.168",
            "ip_tags": {},
            "ip_version": "IPv4",
            "location": "eastus",
            "name": "olake-vm-pip",
            "public_ip_prefix_id": null,
            "resource_group_name": "olake-rg",
            "reverse_fqdn": null,
            "sku": "Standard",
            "sku_tier": "Regional",
            "tags": {
              "purpose": "olake-access"
            },
            "timeouts": null,
            "zones": []
          },
          "sensitive_attributes": [],
          "identity_schema_version": 0,
          "private": "eyJlMmJmYjczMC1lY2FhLTExZTYtOGY4OC0zNDM2M2JjN2M0YzAiOnsiY3JlYXRlIjoxODAwMDAwMDAwMDAwLCJkZWxldGUiOjE4MDAwMDAwMDAwMDAsInJlYWQiOjMwMDAwMDAwMDAwMCwidXBkYXRlIjoxODAwMDAwMDAwMDAwfX0=",
          "dependencies": [
            "azurerm_resource_group.rg"
          ]
        }
      ]
    },
    {
      "mode": "managed",
      "type": "azurerm_resource_group",
      "name": "rg",
      "provider": "provider[\"registry.terraform.io/hashicorp/azurerm\"]",
      "instances": [
        {
          "schema_version": 0,
          "attributes": {
            "id": "/subscriptions/b7569544-483c-4eb2-a877-11fc118c9bfc/resourceGroups/olake-rg",
            "location": "eastus",
            "managed_by": "",
            "name": "olake-rg",
            "tags": {
              "owner": "Yash",
              "project": "olake-assignment"
            },
            "timeouts": null
          },
          "sensitive_attributes": [],
          "identity_schema_version": 0,
          "private": "eyJlMmJmYjczMC1lY2FhLTExZTYtOGY4OC0zNDM2M2JjN2M0YzAiOnsiY3JlYXRlIjo1NDAwMDAwMDAwMDAwLCJkZWxldGUiOjU0MDAwMDAwMDAwMDAsInJlYWQiOjMwMDAwMDAwMDAwMCwidXBkYXRlIjo1NDAwMDAwMDAwMDAwfX0="
        }
      ]
    },
    {
      "mode": "managed",
      "type": "azurerm_subnet",
      "name": "subnet",
      "provider": "provider[\"registry.terraform.io/hashicorp/azurerm\"]",
      "instances": [
        {
          "schema_version": 0,
          "attributes": {
            "address_prefixes": [
              "10.0.1.0/24"
            ],
            "default_outbound_access_enabled": true,
            "delegation": [],
            "id": "/subscriptions/b7569544-483c-4eb2-a877-11fc118c9bfc/resourceGroups/olake-rg/providers/Microsoft.Network/virtualNetworks/olake-rg-vnet/subnets/olake-rg-subnet",
            "ip_address_pool": [],
            "name": "olake-rg-subnet",
            "private_endpoint_network_policies": "Disabled",
            "private_link_service_network_policies_enabled": true,
            "resource_group_name": "olake-rg",
            "service_endpoint_policy_ids": [],
            "service_endpoints": [],
            "sharing_scope": "",
            "timeouts": null,
            "virtual_network_name": "olake-rg-vnet"
          },
          "sensitive_attributes": [],
          "identity_schema_version": 0,
          "identity": {
            "name": "olake-rg-subnet",
            "resource_group_name": "olake-rg",
            "subscription_id": "b7569544-483c-4eb2-a877-11fc118c9bfc",
            "virtual_network_name": "olake-rg-vnet"
          },
          "private": "eyJlMmJmYjczMC1lY2FhLTExZTYtOGY4OC0zNDM2M2JjN2M0YzAiOnsiY3JlYXRlIjoxODAwMDAwMDAwMDAwLCJkZWxldGUiOjE4MDAwMDAwMDAwMDAsInJlYWQiOjMwMDAwMDAwMDAwMCwidXBkYXRlIjoxODAwMDAwMDAwMDAwfX0=",
          "dependencies": [
            "azurerm_resource_group.rg",
            "azurerm_virtual_network.vnet"
          ]
        }
      ]
    },
    {
      "mode": "managed",
      "type": "azurerm_subnet_network_security_group_association",
      "name": "nsg_assoc",
      "provider": "provider[\"registry.terraform.io/hashicorp/azurerm\"]",
      "instances": [
        {
          "schema_version": 0,
          "attributes": {
            "id": "/subscriptions/b7569544-483c-4eb2-a877-11fc118c9bfc/resourceGroups/olake-rg/providers/Microsoft.Network/virtualNetworks/olake-rg-vnet/subnets/olake-rg-subnet",
            "network_security_group_id": "/subscriptions/b7569544-483c-4eb2-a877-11fc118c9bfc/resourceGroups/olake-rg/providers/Microsoft.Network/networkSecurityGroups/olake-vm-nsg",
            "subnet_id": "/subscriptions/b7569544-483c-4eb2-a877-11fc118c9bfc/resourceGroups/olake-rg/providers/Microsoft.Network/virtualNetworks/olake-rg-vnet/subnets/olake-rg-subnet",
            "timeouts": null
          },
          "sensitive_attributes": [],
          "identity_schema_version": 0,
          "private": "eyJlMmJmYjczMC1lY2FhLTExZTYtOGY4OC0zNDM2M2JjN2M0YzAiOnsiY3JlYXRlIjoxODAwMDAwMDAwMDAwLCJkZWxldGUiOjE4MDAwMDAwMDAwMDAsInJlYWQiOjMwMDAwMDAwMDAwMH19",
          "dependencies": [
            "azurerm_network_security_group.nsg",
            "azurerm_resource_group.rg",
            "azurerm_subnet.subnet",
            "azurerm_virtual_network.vnet"
          ]
        }
      ]
    },
    {
      "mode": "managed",
      "type": "azurerm_virtual_network",
      "name": "vnet",
      "provider": "provider[\"registry.terraform.io/hashicorp/azurerm\"]",
      "instances": [
        {
          "schema_version": 0,
          "attributes": {
            "address_space": [
              "10.0.0.0/16"
            ],
            "bgp_community": "",
            "ddos_protection_plan": [],
            "dns_servers": [],
            "edge_zone": "",
            "encryption": [],
            "flow_timeout_in_minutes": 0,
            "guid": "ce8132ad-0e7a-44d8-9195-4414cd18b799",
            "id": "/subscriptions/b7569544-483c-4eb2-a877-11fc118c9bfc/resourceGroups/olake-rg/providers/Microsoft.Network/virtualNetworks/olake-rg-vnet",
            "ip_address_pool": [],
            "location": "eastus",
            "name": "olake-rg-vnet",
            "private_endpoint_vnet_policies": "Disabled",
            "resource_group_name": "olake-rg",
            "subnet": [
              {
                "address_prefixes": [
                  "10.0.1.0/24"
                ],
                "default_outbound_access_enabled": true,
                "delegation": [],
                "id": "/subscriptions/b7569544-483c-4eb2-a877-11fc118c9bfc/resourceGroups/olake-rg/providers/Microsoft.Network/virtualNetworks/olake-rg-vnet/subnets/olake-rg-subnet",
                "name": "olake-rg-subnet",
                "private_endpoint_network_policies": "Disabled",
                "private_link_service_network_policies_enabled": true,
                "route_table_id": "",
                "security_group": "/subscriptions/b7569544-483c-4eb2-a877-11fc118c9bfc/resourceGroups/olake-rg/providers/Microsoft.Network/networkSecurityGroups/olake-vm-nsg",
                "service_endpoint_policy_ids": [],
                "service_endpoints": []
              }
            ],
            "tags": {},
            "timeouts": null
          },
          "sensitive_attributes": [],
          "identity_schema_version": 0,
          "identity": {
            "name": "olake-rg-vnet",
            "resource_group_name": "olake-rg",
            "subscription_id": "b7569544-483c-4eb2-a877-11fc118c9bfc"
          },
          "private": "eyJlMmJmYjczMC1lY2FhLTExZTYtOGY4OC0zNDM2M2JjN2M0YzAiOnsiY3JlYXRlIjoxODAwMDAwMDAwMDAwLCJkZWxldGUiOjE4MDAwMDAwMDAwMDAsInJlYWQiOjMwMDAwMDAwMDAwMCwidXBkYXRlIjoxODAwMDAwMDAwMDAwfX0=",
          "dependencies": [
            "azurerm_resource_group.rg"
          ]
        }
      ]
    },
    {
      "mode": "managed",
      "type": "null_resource",
      "name": "wait_for_ssh",
      "provider": "provider[\"registry.terraform.io/hashicorp/null\"]",
      "instances": [
        {
          "schema_version": 0,
          "attributes": {
            "id": "8603597323432653027",
            "triggers": null
          },
          "sensitive_attributes": [],
          "identity_schema_version": 0,
          "dependencies": [
            "azurerm_linux_virtual_machine.vm",
            "azurerm_network_interface.nic",
            "azurerm_public_ip.pip",
            "azurerm_resource_group.rg",
            "azurerm_subnet.subnet",
            "azurerm_virtual_network.vnet"
          ]
        }
      ]
    }
  ],
  "check_results": null
}
